{
  "name": "cli",
  "lockfileVersion": 3,
  "requires": true,
  "packages": {
    "": {
      "dependencies": {
        "datpaq": "^1.5.0"
      }
    },
    "node_modules/datpaq": {
      "version": "1.5.0",
      "resolved": "https://registry.npmjs.org/datpaq/-/datpaq-1.0.1.tgz",
      "integrity": "sha512-iml9ngAKcCMgg8PWK2889jRDPHkULAL5j0uYLlq2R1EWbMN/xyAP4M9jx1nT6pyTka3+onw9SlRzIZqG1lQn8A==",
      "hasInstallScript": true,
      "license": "Apache-2.0",
      "bin": {
        "datpaq": "run.js"
      },
      "engines": {
        "node": ">=18"
      }
    }
  }
}
